{
  "name": "Portfolio-2D V1.1",
  "lockfileVersion": 3,
  "requires": true,
  "packages": {
    "": {
      "dependencies": {
        "@rive-app/webgl2": "^2.31.6"
      }
    },
    "node_modules/@rive-app/webgl2": {
      "version": "2.31.6",
      "resolved": "https://registry.npmjs.org/@rive-app/webgl2/-/webgl2-2.31.6.tgz",
      "integrity": "sha512-0RmZa/MXIbIz0FeLZslvEilxy0HzNxdonAX7qj1VqHjAPEZ0eRKN2BnyQcry66PuCfTUcnE1okX2NrnDLVk8qQ=="
    }
  }
}
